
Microsoft Visual Studio Solution File, Format Version 12.00
# Visual Studio 14
VisualStudioVersion = 14.0.25420.1
MinimumVisualStudioVersion = 10.0.40219.1
Project("{FAE04EC0-301F-11D3-BF4B-00C04F79EFBC}") = "11_silicuana_SumandoMatrices", "11_silicuana_SumandoMatrices\11_silicuana_SumandoMatrices.csproj", "{C2DA3F8A-DB07-4809-8E48-8ABA3C7349C0}"
EndProject
Global
	GlobalSection(SolutionConfigurationPlatforms) = preSolution
		Debug|Any CPU = Debug|Any CPU
		Release|Any CPU = Release|Any CPU
	EndGlobalSection
	GlobalSection(ProjectConfigurationPlatforms) = postSolution
		{C2DA3F8A-DB07-4809-8E48-8ABA3C7349C0}.Debug|Any CPU.ActiveCfg = Debug|Any CPU
		{C2DA3F8A-DB07-4809-8E48-8ABA3C7349C0}.Debug|Any CPU.Build.0 = Debug|Any CPU
		{C2DA3F8A-DB07-4809-8E48-8ABA3C7349C0}.Release|Any CPU.ActiveCfg = Release|Any CPU
		{C2DA3F8A-DB07-4809-8E48-8ABA3C7349C0}.Release|Any CPU.Build.0 = Release|Any CPU
	EndGlobalSection
	GlobalSection(SolutionProperties) = preSolution
		HideSolutionNode = FALSE
	EndGlobalSection
EndGlobal
